// !$*UTF8*$!
{
	archiveVersion = 1;
	classes = {
	};
	objectVersion = 46;
	objects = {

/* Begin PBXBuildFile section */
		A0F8958F1E55482600825B7C /* AppDelegate.swift in Sources */ = {isa = PBXBuildFile; fileRef = A0F8958E1E55482600825B7C /* AppDelegate.swift */; };
		A0F895941E55482600825B7C /* Main.storyboard in Resources */ = {isa = PBXBuildFile; fileRef = A0F895921E55482600825B7C /* Main.storyboard */; };
		A0F895961E55482600825B7C /* Assets.xcassets in Resources */ = {isa = PBXBuildFile; fileRef = A0F895951E55482600825B7C /* Assets.xcassets */; };
		A0F895991E55482600825B7C /* LaunchScreen.storyboard in Resources */ = {isa = PBXBuildFile; fileRef = A0F895971E55482600825B7C /* LaunchScreen.storyboard */; };
		A0F895A41E5584A300825B7C /* ViewController.swift in Sources */ = {isa = PBXBuildFile; fileRef = A0F895A31E5584A300825B7C /* ViewController.swift */; };
		A0F895A91E56EE3500825B7C /* SegmentioBuilder.swift in Sources */ = {isa = PBXBuildFile; fileRef = A0F895A81E56EE3500825B7C /* SegmentioBuilder.swift */; };
		B1A90A3A083A8AD79569A379 /* Pods_Gank_iOS.framework in Frameworks */ = {isa = PBXBuildFile; fileRef = 87A7E76586DF22A9B9BCDFB3 /* Pods_Gank_iOS.framework */; };
/* End PBXBuildFile section */

/* Begin PBXFileReference section */
		1B5A31C9560110E88821D9FC /* Pods-Gank-iOS.debug.xcconfig */ = {isa = PBXFileReference; includeInIndex = 1; lastKnownFileType = text.xcconfig; name = "Pods-Gank-iOS.debug.xcconfig"; path = "Pods/Target Support Files/Pods-Gank-iOS/Pods-Gank-iOS.debug.xcconfig"; sourceTree = "<group>"; };
		87A7E76586DF22A9B9BCDFB3 /* Pods_Gank_iOS.framework */ = {isa = PBXFileReference; explicitFileType = wrapper.framework; includeInIndex = 0; path = Pods_Gank_iOS.framework; sourceTree = BUILT_PRODUCTS_DIR; };
		A0F8958B1E55482600825B7C /* Gank-iOS.app */ = {isa = PBXFileReference; explicitFileType = wrapper.application; includeInIndex = 0; path = "Gank-iOS.app"; sourceTree = BUILT_PRODUCTS_DIR; };
		A0F8958E1E55482600825B7C /* AppDelegate.swift */ = {isa = PBXFileReference; lastKnownFileType = sourcecode.swift; path = AppDelegate.swift; sourceTree = "<group>"; };
		A0F895931E55482600825B7C /* Base */ = {isa = PBXFileReference; lastKnownFileType = file.storyboard; name = Base; path = Base.lproj/Main.storyboard; sourceTree = "<group>"; };
		A0F895951E55482600825B7C /* Assets.xcassets */ = {isa = PBXFileReference; lastKnownFileType = folder.assetcatalog; path = Assets.xcassets; sourceTree = "<group>"; };
		A0F895981E55482600825B7C /* Base */ = {isa = PBXFileReference; lastKnownFileType = file.storyboard; name = Base; path = Base.lproj/LaunchScreen.storyboard; sourceTree = "<group>"; };
		A0F8959A1E55482600825B7C /* Info.plist */ = {isa = PBXFileReference; lastKnownFileType = text.plist.xml; path = Info.plist; sourceTree = "<group>"; };
		A0F895A31E5584A300825B7C /* ViewController.swift */ = {isa = PBXFileReference; fileEncoding = 4; lastKnownFileType = sourcecode.swift; path = ViewController.swift; sourceTree = "<group>"; };
		A0F895A81E56EE3500825B7C /* SegmentioBuilder.swift */ = {isa = PBXFileReference; fileEncoding = 4; lastKnownFileType = sourcecode.swift; path = SegmentioBuilder.swift; sourceTree = "<group>"; };
		E75EA371A8781FF0CF0A6951 /* Pods-Gank-iOS.release.xcconfig */ = {isa = PBXFileReference; includeInIndex = 1; lastKnownFileType = text.xcconfig; name = "Pods-Gank-iOS.release.xcconfig"; path = "Pods/Target Support Files/Pods-Gank-iOS/Pods-Gank-iOS.release.xcconfig"; sourceTree = "<group>"; };
/* End PBXFileReference section */

/* Begin PBXFrameworksBuildPhase section */
		A0F895881E55482500825B7C /* Frameworks */ = {
			isa = PBXFrameworksBuildPhase;
			buildActionMask = 2147483647;
			files = (
				B1A90A3A083A8AD79569A379 /* Pods_Gank_iOS.framework in Frameworks */,
			);
			runOnlyForDeploymentPostprocessing = 0;
		};
/* End PBXFrameworksBuildPhase section */

/* Begin PBXGroup section */
		38C926420B91BF8F5DA17A5D /* Frameworks */ = {
			isa = PBXGroup;
			children = (
				87A7E76586DF22A9B9BCDFB3 /* Pods_Gank_iOS.framework */,
			);
			name = Frameworks;
			sourceTree = "<group>";
		};
		A0F895821E55482500825B7C = {
			isa = PBXGroup;
			children = (
				A0F8958D1E55482600825B7C /* Gank-iOS */,
				A0F8958C1E55482600825B7C /* Products */,
				EF8F7F8B779D236BB7B844B8 /* Pods */,
				38C926420B91BF8F5DA17A5D /* Frameworks */,
			);
			sourceTree = "<group>";
		};
		A0F8958C1E55482600825B7C /* Products */ = {
			isa = PBXGroup;
			children = (
				A0F8958B1E55482600825B7C /* Gank-iOS.app */,
			);
			name = Products;
			sourceTree = "<group>";
		};
		A0F8958D1E55482600825B7C /* Gank-iOS */ = {
			isa = PBXGroup;
			children = (
				A0F8958E1E55482600825B7C /* AppDelegate.swift */,
				A0F895A01E55847A00825B7C /* General */,
				A0F895A71E56EE0F00825B7C /* Builder */,
				A0F895A51E5584B500825B7C /* Models */,
				A0F895A61E5584B500825B7C /* Tools */,
				A0F895921E55482600825B7C /* Main.storyboard */,
				A0F895951E55482600825B7C /* Assets.xcassets */,
				A0F895971E55482600825B7C /* LaunchScreen.storyboard */,
				A0F8959A1E55482600825B7C /* Info.plist */,
			);
			path = "Gank-iOS";
			sourceTree = "<group>";
		};
		A0F895A01E55847A00825B7C /* General */ = {
			isa = PBXGroup;
			children = (
				A0F895A11E55847A00825B7C /* Extension */,
				A0F895A21E55847A00825B7C /* View */,
			);
			path = General;
			sourceTree = "<group>";
		};
		A0F895A11E55847A00825B7C /* Extension */ = {
			isa = PBXGroup;
			children = (
			);
			path = Extension;
			sourceTree = "<group>";
		};
		A0F895A21E55847A00825B7C /* View */ = {
			isa = PBXGroup;
			children = (
				A0F895A31E5584A300825B7C /* ViewController.swift */,
			);
			path = View;
			sourceTree = "<group>";
		};
		A0F895A51E5584B500825B7C /* Models */ = {
			isa = PBXGroup;
			children = (
			);
			path = Models;
			sourceTree = "<group>";
		};
		A0F895A61E5584B500825B7C /* Tools */ = {
			isa = PBXGroup;
			children = (
			);
			path = Tools;
			sourceTree = "<group>";
		};
		A0F895A71E56EE0F00825B7C /* Builder */ = {
			isa = PBXGroup;
			children = (
				A0F895A81E56EE3500825B7C /* SegmentioBuilder.swift */,
			);
			name = Builder;
			path = "Gank-iOS/Builder";
			sourceTree = SOURCE_ROOT;
		};
		EF8F7F8B779D236BB7B844B8 /* Pods */ = {
			isa = PBXGroup;
			children = (
				1B5A31C9560110E88821D9FC /* Pods-Gank-iOS.debug.xcconfig */,
				E75EA371A8781FF0CF0A6951 /* Pods-Gank-iOS.release.xcconfig */,
			);
			name = Pods;
			sourceTree = "<group>";
		};
/* End PBXGroup section */

/* Begin PBXNativeTarget section */
		A0F8958A1E55482500825B7C /* Gank-iOS */ = {
			isa = PBXNativeTarget;
			buildConfigurationList = A0F8959D1E55482600825B7C /* Build configuration list for PBXNativeTarget "Gank-iOS" */;
			buildPhases = (
				1E739C96AA7F4F990E2F3CA1 /* [CP] Check Pods Manifest.lock */,
				A0F895871E55482500825B7C /* Sources */,
				A0F895881E55482500825B7C /* Frameworks */,
				A0F895891E55482500825B7C /* Resources */,
				F2A48F6F24A747757910B749 /* [CP] Embed Pods Frameworks */,
				E100979F31859CA334A79EC3 /* [CP] Copy Pods Resources */,
			);
			buildRules = (
			);
			dependencies = (
			);
			name = "Gank-iOS";
			productName = "Gank-iOS";
			productReference = A0F8958B1E55482600825B7C /* Gank-iOS.app */;
			productType = "com.apple.product-type.application";
		};
/* End PBXNativeTarget section */

/* Begin PBXProject section */
		A0F895831E55482500825B7C /* Project object */ = {
			isa = PBXProject;
			attributes = {
				LastSwiftUpdateCheck = 0820;
				LastUpgradeCheck = 0820;
				ORGANIZATIONNAME = lemur;
				TargetAttributes = {
					A0F8958A1E55482500825B7C = {
						CreatedOnToolsVersion = 8.2.1;
						DevelopmentTeam = 2V3AZZJGGG;
						LastSwiftMigration = 0820;
						ProvisioningStyle = Automatic;
					};
				};
			};
			buildConfigurationList = A0F895861E55482500825B7C /* Build configuration list for PBXProject "Gank-iOS" */;
			compatibilityVersion = "Xcode 3.2";
			developmentRegion = English;
			hasScannedForEncodings = 0;
			knownRegions = (
				en,
				Base,
			);
			mainGroup = A0F895821E55482500825B7C;
			productRefGroup = A0F8958C1E55482600825B7C /* Products */;
			projectDirPath = "";
			projectRoot = "";
			targets = (
				A0F8958A1E55482500825B7C /* Gank-iOS */,
			);
		};
/* End PBXProject section */

/* Begin PBXResourcesBuildPhase section */
		A0F895891E55482500825B7C /* Resources */ = {
			isa = PBXResourcesBuildPhase;
			buildActionMask = 2147483647;
			files = (
				A0F895991E55482600825B7C /* LaunchScreen.storyboard in Resources */,
				A0F895961E55482600825B7C /* Assets.xcassets in Resources */,
				A0F895941E55482600825B7C /* Main.storyboard in Resources */,
			);
			runOnlyForDeploymentPostprocessing = 0;
		};
/* End PBXResourcesBuildPhase section */

/* Begin PBXShellScriptBuildPhase section */
		1E739C96AA7F4F990E2F3CA1 /* [CP] Check Pods Manifest.lock */ = {
			isa = PBXShellScriptBuildPhase;
			buildActionMask = 2147483647;
			files = (
			);
			inputPaths = (
			);
			name = "[CP] Check Pods Manifest.lock";
			outputPaths = (
			);
			runOnlyForDeploymentPostprocessing = 0;
			shellPath = /bin/sh;
			shellScript = "diff \"${PODS_ROOT}/../Podfile.lock\" \"${PODS_ROOT}/Manifest.lock\" > /dev/null\nif [[ $? != 0 ]] ; then\n    cat << EOM\nerror: The sandbox is not in sync with the Podfile.lock. Run 'pod install' or update your CocoaPods installation.\nEOM\n    exit 1\nfi\n";
			showEnvVarsInLog = 0;
		};
		E100979F31859CA334A79EC3 /* [CP] Copy Pods Resources */ = {
			isa = PBXShellScriptBuildPhase;
			buildActionMask = 2147483647;
			files = (
			);
			inputPaths = (
			);
			name = "[CP] Copy Pods Resources";
			outputPaths = (
			);
			runOnlyForDeploymentPostprocessing = 0;
			shellPath = /bin/sh;
			shellScript = "\"${SRCROOT}/Pods/Target Support Files/Pods-Gank-iOS/Pods-Gank-iOS-resources.sh\"\n";
			showEnvVarsInLog = 0;
		};
		F2A48F6F24A747757910B749 /* [CP] Embed Pods Frameworks */ = {
			isa = PBXShellScriptBuildPhase;
			buildActionMask = 2147483647;
			files = (
			);
			inputPaths = (
			);
			name = "[CP] Embed Pods Frameworks";
			outputPaths = (
			);
			runOnlyForDeploymentPostprocessing = 0;
			shellPath = /bin/sh;
			shellScript = "\"${SRCROOT}/Pods/Target Support Files/Pods-Gank-iOS/Pods-Gank-iOS-frameworks.sh\"\n";
			showEnvVarsInLog = 0;
		};
/* End PBXShellScriptBuildPhase section */

/* Begin PBXSourcesBuildPhase section */
		A0F895871E55482500825B7C /* Sources */ = {
			isa = PBXSourcesBuildPhase;
			buildActionMask = 2147483647;
			files = (
				A0F895A41E5584A300825B7C /* ViewController.swift in Sources */,
				A0F8958F1E55482600825B7C /* AppDelegate.swift in Sources */,
				A0F895A91E56EE3500825B7C /* SegmentioBuilder.swift in Sources */,
			);
			runOnlyForDeploymentPostprocessing = 0;
		};
/* End PBXSourcesBuildPhase section */

/* Begin PBXVariantGroup section */
		A0F895921E55482600825B7C /* Main.storyboard */ = {
			isa = PBXVariantGroup;
			children = (
				A0F895931E55482600825B7C /* Base */,
			);
			name = Main.storyboard;
			sourceTree = "<group>";
		};
		A0F895971E55482600825B7C /* LaunchScreen.storyboard */ = {
			isa = PBXVariantGroup;
			children = (
				A0F895981E55482600825B7C /* Base */,
			);
			name = LaunchScreen.storyboard;
			sourceTree = "<group>";
		};
/* End PBXVariantGroup section */

/* Begin XCBuildConfiguration section */
		A0F8959B1E55482600825B7C /* Debug */ = {
			isa = XCBuildConfiguration;
			buildSettings = {
				ALWAYS_SEARCH_USER_PATHS = NO;
				CLANG_ANALYZER_NONNULL = YES;
				CLANG_CXX_LANGUAGE_STANDARD = "gnu++0x";
				CLANG_CXX_LIBRARY = "libc++";
				CLANG_ENABLE_MODULES = YES;
				CLANG_ENABLE_OBJC_ARC = YES;
				CLANG_WARN_BOOL_CONVERSION = YES;
				CLANG_WARN_CONSTANT_CONVERSION = YES;
				CLANG_WARN_DIRECT_OBJC_ISA_USAGE = YES_ERROR;
				CLANG_WARN_DOCUMENTATION_COMMENTS = YES;
				CLANG_WARN_EMPTY_BODY = YES;
				CLANG_WARN_ENUM_CONVERSION = YES;
				CLANG_WARN_INFINITE_RECURSION = YES;
				CLANG_WARN_INT_CONVERSION = YES;
				CLANG_WARN_OBJC_ROOT_CLASS = YES_ERROR;
				CLANG_WARN_SUSPICIOUS_MOVE = YES;
				CLANG_WARN_UNREACHABLE_CODE = YES;
				CLANG_WARN__DUPLICATE_METHOD_MATCH = YES;
				"CODE_SIGN_IDENTITY[sdk=iphoneos*]" = "iPhone Developer";
				COPY_PHASE_STRIP = NO;
				DEBUG_INFORMATION_FORMAT = dwarf;
				ENABLE_STRICT_OBJC_MSGSEND = YES;
				ENABLE_TESTABILITY = YES;
				GCC_C_LANGUAGE_STANDARD = gnu99;
				GCC_DYNAMIC_NO_PIC = NO;
				GCC_NO_COMMON_BLOCKS = YES;
				GCC_OPTIMIZATION_LEVEL = 0;
				GCC_PREPROCESSOR_DEFINITIONS = (
					"DEBUG=1",
					"$(inherited)",
				);
				GCC_WARN_64_TO_32_BIT_CONVERSION = YES;
				GCC_WARN_ABOUT_RETURN_TYPE = YES_ERROR;
				GCC_WARN_UNDECLARED_SELECTOR = YES;
				GCC_WARN_UNINITIALIZED_AUTOS = YES_AGGRESSIVE;
				GCC_WARN_UNUSED_FUNCTION = YES;
				GCC_WARN_UNUSED_VARIABLE = YES;
				IPHONEOS_DEPLOYMENT_TARGET = 10.2;
				MTL_ENABLE_DEBUG_INFO = YES;
				ONLY_ACTIVE_ARCH = YES;
				SDKROOT = iphoneos;
				SWIFT_ACTIVE_COMPILATION_CONDITIONS = DEBUG;
				SWIFT_OPTIMIZATION_LEVEL = "-Onone";
			};
			name = Debug;
		};
		A0F8959C1E55482600825B7C /* Release */ = {
			isa = XCBuildConfiguration;
			buildSettings = {
				ALWAYS_SEARCH_USER_PATHS = NO;
				CLANG_ANALYZER_NONNULL = YES;
				CLANG_CXX_LANGUAGE_STANDARD = "gnu++0x";
				CLANG_CXX_LIBRARY = "libc++";
				CLANG_ENABLE_MODULES = YES;
				CLANG_ENABLE_OBJC_ARC = YES;
				CLANG_WARN_BOOL_CONVERSION = YES;
				CLANG_WARN_CONSTANT_CONVERSION = YES;
				CLANG_WARN_DIRECT_OBJC_ISA_USAGE = YES_ERROR;
				CLANG_WARN_DOCUMENTATION_COMMENTS = YES;
				CLANG_WARN_EMPTY_BODY = YES;
				CLANG_WARN_ENUM_CONVERSION = YES;
				CLANG_WARN_INFINITE_RECURSION = YES;
				CLANG_WARN_INT_CONVERSION = YES;
				CLANG_WARN_OBJC_ROOT_CLASS = YES_ERROR;
				CLANG_WARN_SUSPICIOUS_MOVE = YES;
				CLANG_WARN_UNREACHABLE_CODE = YES;
				CLANG_WARN__DUPLICATE_METHOD_MATCH = YES;
				"CODE_SIGN_IDENTITY[sdk=iphoneos*]" = "iPhone Developer";
				COPY_PHASE_STRIP = NO;
				DEBUG_INFORMATION_FORMAT = "dwarf-with-dsym";
				ENABLE_NS_ASSERTIONS = NO;
				ENABLE_STRICT_OBJC_MSGSEND = YES;
				GCC_C_LANGUAGE_STANDARD = gnu99;
				GCC_NO_COMMON_BLOCKS = YES;
				GCC_WARN_64_TO_32_BIT_CONVERSION = YES;
				GCC_WARN_ABOUT_RETURN_TYPE = YES_ERROR;
				GCC_WARN_UNDECLARED_SELECTOR = YES;
				GCC_WARN_UNINITIALIZED_AUTOS = YES_AGGRESSIVE;
				GCC_WARN_UNUSED_FUNCTION = YES;
				GCC_WARN_UNUSED_VARIABLE = YES;
				IPHONEOS_DEPLOYMENT_TARGET = 10.2;
				MTL_ENABLE_DEBUG_INFO = NO;
				SDKROOT = iphoneos;
				SWIFT_OPTIMIZATION_LEVEL = "-Owholemodule";
				VALIDATE_PRODUCT = YES;
			};
			name = Release;
		};
		A0F8959E1E55482600825B7C /* Debug */ = {
			isa = XCBuildConfiguration;
			baseConfigurationReference = 1B5A31C9560110E88821D9FC /* Pods-Gank-iOS.debug.xcconfig */;
			buildSettings = {
				ASSETCATALOG_COMPILER_APPICON_NAME = AppIcon;
				DEVELOPMENT_TEAM = 2V3AZZJGGG;
				INFOPLIST_FILE = "Gank-iOS/Info.plist";
				LD_RUNPATH_SEARCH_PATHS = "$(inherited) @executable_path/Frameworks";
				PRODUCT_BUNDLE_IDENTIFIER = "work.lemur.Gank-iOS";
				PRODUCT_NAME = "$(TARGET_NAME)";
				SWIFT_VERSION = 3.0;
			};
			name = Debug;
		};
		A0F8959F1E55482600825B7C /* Release */ = {
			isa = XCBuildConfiguration;
			baseConfigurationReference = E75EA371A8781FF0CF0A6951 /* Pods-Gank-iOS.release.xcconfig */;
			buildSettings = {
				ASSETCATALOG_COMPILER_APPICON_NAME = AppIcon;
				DEVELOPMENT_TEAM = 2V3AZZJGGG;
				INFOPLIST_FILE = "Gank-iOS/Info.plist";
				LD_RUNPATH_SEARCH_PATHS = "$(inherited) @executable_path/Frameworks";
				PRODUCT_BUNDLE_IDENTIFIER = "work.lemur.Gank-iOS";
				PRODUCT_NAME = "$(TARGET_NAME)";
				SWIFT_VERSION = 3.0;
			};
			name = Release;
		};
/* End XCBuildConfiguration section */

/* Begin XCConfigurationList section */
		A0F895861E55482500825B7C /* Build configuration list for PBXProject "Gank-iOS" */ = {
			isa = XCConfigurationList;
			buildConfigurations = (
				A0F8959B1E55482600825B7C /* Debug */,
				A0F8959C1E55482600825B7C /* Release */,
			);
			defaultConfigurationIsVisible = 0;
			defaultConfigurationName = Release;
		};
		A0F8959D1E55482600825B7C /* Build configuration list for PBXNativeTarget "Gank-iOS" */ = {
			isa = XCConfigurationList;
			buildConfigurations = (
				A0F8959E1E55482600825B7C /* Debug */,
				A0F8959F1E55482600825B7C /* Release */,
			);
			defaultConfigurationIsVisible = 0;
			defaultConfigurationName = Release;
		};
/* End XCConfigurationList section */
	};
	rootObject = A0F895831E55482500825B7C /* Project object */;
}
